
Microsoft Visual Studio Solution File, Format Version 12.00
# Visual Studio 15
VisualStudioVersion = 15.0.27004.2006
MinimumVisualStudioVersion = 10.0.40219.1
Project("{FAE04EC0-301F-11D3-BF4B-00C04F79EFBC}") = "GitHub", "GitHub\GitHub.csproj", "{7EBE8B2E-77EB-4367-88DA-B1D44DCD2417}"
EndProject
Global
	GlobalSection(SolutionConfigurationPlatforms) = preSolution
		Debug|Any CPU = Debug|Any CPU
		Release|Any CPU = Release|Any CPU
	EndGlobalSection
	GlobalSection(ProjectConfigurationPlatforms) = postSolution
		{7EBE8B2E-77EB-4367-88DA-B1D44DCD2417}.Debug|Any CPU.ActiveCfg = Debug|Any CPU
		{7EBE8B2E-77EB-4367-88DA-B1D44DCD2417}.Debug|Any CPU.Build.0 = Debug|Any CPU
		{7EBE8B2E-77EB-4367-88DA-B1D44DCD2417}.Release|Any CPU.ActiveCfg = Release|Any CPU
		{7EBE8B2E-77EB-4367-88DA-B1D44DCD2417}.Release|Any CPU.Build.0 = Release|Any CPU
	EndGlobalSection
	GlobalSection(SolutionProperties) = preSolution
		HideSolutionNode = FALSE
	EndGlobalSection
	GlobalSection(ExtensibilityGlobals) = postSolution
		SolutionGuid = {C7384CA9-A814-4E17-A119-99EEFB1060C3}
	EndGlobalSection
EndGlobal
